
Microsoft Visual Studio Solution File, Format Version 12.00
# Visual Studio Version 17
VisualStudioVersion = 17.5.002.0
MinimumVisualStudioVersion = 10.0.40219.1
Project("{9A19103F-16F7-4668-BE54-9A1E7A4F7556}") = "ClassiVault.Api", "ClassiVault.Api/ClassiVault.Api.csproj", "{5515F605-C74A-4081-8B66-F0CF0AC99F34}"
EndProject
Global
	GlobalSection(SolutionConfigurationPlatforms) = preSolution
		Debug|Any CPU = Debug|Any CPU
		Release|Any CPU = Release|Any CPU
	EndGlobalSection
	GlobalSection(ProjectConfigurationPlatforms) = postSolution
		{5515F605-C74A-4081-8B66-F0CF0AC99F34}.Debug|Any CPU.ActiveCfg = Debug|Any CPU
		{5515F605-C74A-4081-8B66-F0CF0AC99F34}.Debug|Any CPU.Build.0 = Debug|Any CPU
		{5515F605-C74A-4081-8B66-F0CF0AC99F34}.Release|Any CPU.ActiveCfg = Release|Any CPU
		{5515F605-C74A-4081-8B66-F0CF0AC99F34}.Release|Any CPU.Build.0 = Release|Any CPU
	EndGlobalSection
	GlobalSection(SolutionProperties) = preSolution
		HideSolutionNode = FALSE
	EndGlobalSection
	GlobalSection(ExtensibilityGlobals) = postSolution
		SolutionGuid = {EE5DED34-E758-4024-A582-25C7DC150ADD}
	EndGlobalSection
EndGlobal
